
Microsoft Visual Studio Solution File, Format Version 12.00
# Visual Studio Version 17
VisualStudioVersion = 17.0.31606.5
MinimumVisualStudioVersion = 10.0.40219.1
Project("{9A19103F-16F7-4668-BE54-9A1E7A4F7556}") = "BootstrapBlazorApp.Server", "BootstrapBlazorApp.Server\BootstrapBlazorApp.Server.csproj", "{DDC07B5C-7455-46A6-ADCD-FFF9023DE976}"
EndProject
Project("{9A19103F-16F7-4668-BE54-9A1E7A4F7556}") = "BootstrapBlazorApp.WebAssembly", "BootstrapBlazorApp.WebAssembly\BootstrapBlazorApp.WebAssembly.csproj", "{8F9288F6-E444-4B9F-8B8A-7C099980EE4D}"
EndProject
Project("{9A19103F-16F7-4668-BE54-9A1E7A4F7556}") = "BootstrapBlazorApp.Shared", "BootstrapBlazorApp.Shared\BootstrapBlazorApp.Shared.csproj", "{AB04595F-4692-4CA9-9D18-3F4C640AC028}"
EndProject
Project("{2150E333-8FDC-42A3-9474-1A3956D46DE8}") = "test", "test", "{1061ADBF-F908-4F0D-9B59-701F79BE24D5}"
EndProject
Project("{9A19103F-16F7-4668-BE54-9A1E7A4F7556}") = "test", "test\test\test.csproj", "{BA9B9A9D-AB33-42E0-9A07-AB016036118D}"
EndProject
Project("{9A19103F-16F7-4668-BE54-9A1E7A4F7556}") = "Blazor.Magicodes.IE", "Blazor.Magicodes.IE\Blazor.Magicodes.IE.csproj", "{95472BAF-2635-43F7-830B-8A93286C7F51}"
EndProject
Project("{FAE04EC0-301F-11D3-BF4B-00C04F79EFBC}") = "Demo.BB.Table.Sqlite", "Demo.BB.Table.Sqlite\Demo.BB.Table.Sqlite.csproj", "{CC3246B7-D84F-44DE-AF08-2F5625615AAD}"
EndProject
Project("{2150E333-8FDC-42A3-9474-1A3956D46DE8}") = "表格ORM快速入门", "表格ORM快速入门", "{7E05C88F-90C4-4766-A3AE-AD377F504E86}"
EndProject
Global
	GlobalSection(SolutionConfigurationPlatforms) = preSolution
		Debug|Any CPU = Debug|Any CPU
		Release|Any CPU = Release|Any CPU
	EndGlobalSection
	GlobalSection(ProjectConfigurationPlatforms) = postSolution
		{DDC07B5C-7455-46A6-ADCD-FFF9023DE976}.Debug|Any CPU.ActiveCfg = Debug|Any CPU
		{DDC07B5C-7455-46A6-ADCD-FFF9023DE976}.Debug|Any CPU.Build.0 = Debug|Any CPU
		{DDC07B5C-7455-46A6-ADCD-FFF9023DE976}.Release|Any CPU.ActiveCfg = Release|Any CPU
		{DDC07B5C-7455-46A6-ADCD-FFF9023DE976}.Release|Any CPU.Build.0 = Release|Any CPU
		{8F9288F6-E444-4B9F-8B8A-7C099980EE4D}.Debug|Any CPU.ActiveCfg = Debug|Any CPU
		{8F9288F6-E444-4B9F-8B8A-7C099980EE4D}.Debug|Any CPU.Build.0 = Debug|Any CPU
		{8F9288F6-E444-4B9F-8B8A-7C099980EE4D}.Release|Any CPU.ActiveCfg = Release|Any CPU
		{8F9288F6-E444-4B9F-8B8A-7C099980EE4D}.Release|Any CPU.Build.0 = Release|Any CPU
		{AB04595F-4692-4CA9-9D18-3F4C640AC028}.Debug|Any CPU.ActiveCfg = Debug|Any CPU
		{AB04595F-4692-4CA9-9D18-3F4C640AC028}.Debug|Any CPU.Build.0 = Debug|Any CPU
		{AB04595F-4692-4CA9-9D18-3F4C640AC028}.Release|Any CPU.ActiveCfg = Release|Any CPU
		{AB04595F-4692-4CA9-9D18-3F4C640AC028}.Release|Any CPU.Build.0 = Release|Any CPU
		{BA9B9A9D-AB33-42E0-9A07-AB016036118D}.Debug|Any CPU.ActiveCfg = Debug|Any CPU
		{BA9B9A9D-AB33-42E0-9A07-AB016036118D}.Debug|Any CPU.Build.0 = Debug|Any CPU
		{BA9B9A9D-AB33-42E0-9A07-AB016036118D}.Release|Any CPU.ActiveCfg = Release|Any CPU
		{BA9B9A9D-AB33-42E0-9A07-AB016036118D}.Release|Any CPU.Build.0 = Release|Any CPU
		{95472BAF-2635-43F7-830B-8A93286C7F51}.Debug|Any CPU.ActiveCfg = Debug|Any CPU
		{95472BAF-2635-43F7-830B-8A93286C7F51}.Debug|Any CPU.Build.0 = Debug|Any CPU
		{95472BAF-2635-43F7-830B-8A93286C7F51}.Release|Any CPU.ActiveCfg = Release|Any CPU
		{95472BAF-2635-43F7-830B-8A93286C7F51}.Release|Any CPU.Build.0 = Release|Any CPU
		{CC3246B7-D84F-44DE-AF08-2F5625615AAD}.Debug|Any CPU.ActiveCfg = Debug|Any CPU
		{CC3246B7-D84F-44DE-AF08-2F5625615AAD}.Debug|Any CPU.Build.0 = Debug|Any CPU
		{CC3246B7-D84F-44DE-AF08-2F5625615AAD}.Release|Any CPU.ActiveCfg = Release|Any CPU
		{CC3246B7-D84F-44DE-AF08-2F5625615AAD}.Release|Any CPU.Build.0 = Release|Any CPU
	EndGlobalSection
	GlobalSection(SolutionProperties) = preSolution
		HideSolutionNode = FALSE
	EndGlobalSection
	GlobalSection(NestedProjects) = preSolution
		{BA9B9A9D-AB33-42E0-9A07-AB016036118D} = {1061ADBF-F908-4F0D-9B59-701F79BE24D5}
		{CC3246B7-D84F-44DE-AF08-2F5625615AAD} = {7E05C88F-90C4-4766-A3AE-AD377F504E86}
	EndGlobalSection
	GlobalSection(ExtensibilityGlobals) = postSolution
		SolutionGuid = {BFC48E48-51AB-48D3-8242-DC4823B978E4}
	EndGlobalSection
EndGlobal
